
Microsoft Visual Studio Solution File, Format Version 12.00
# Visual Studio 15
VisualStudioVersion = 15.0.28307.1082
MinimumVisualStudioVersion = 10.0.40219.1
Project("{FAE04EC0-301F-11D3-BF4B-00C04F79EFBC}") = "ShopBridge", "ShopBridge\ShopBridge.csproj", "{5BDB5251-1F1D-4334-9776-A198D1D6BB70}"
EndProject
Global
	GlobalSection(SolutionConfigurationPlatforms) = preSolution
		Debug|Any CPU = Debug|Any CPU
		Release|Any CPU = Release|Any CPU
	EndGlobalSection
	GlobalSection(ProjectConfigurationPlatforms) = postSolution
		{5BDB5251-1F1D-4334-9776-A198D1D6BB70}.Debug|Any CPU.ActiveCfg = Debug|Any CPU
		{5BDB5251-1F1D-4334-9776-A198D1D6BB70}.Debug|Any CPU.Build.0 = Debug|Any CPU
		{5BDB5251-1F1D-4334-9776-A198D1D6BB70}.Release|Any CPU.ActiveCfg = Release|Any CPU
		{5BDB5251-1F1D-4334-9776-A198D1D6BB70}.Release|Any CPU.Build.0 = Release|Any CPU
	EndGlobalSection
	GlobalSection(SolutionProperties) = preSolution
		HideSolutionNode = FALSE
	EndGlobalSection
	GlobalSection(ExtensibilityGlobals) = postSolution
		SolutionGuid = {639F0505-1B73-46AD-8234-59E79A7AD1C7}
	EndGlobalSection
EndGlobal
